// !$*UTF8*$!
{
	archiveVersion = 1;
	classes = {
	};
	objectVersion = 56;
	objects = {

/* Begin PBXBuildFile section */
		FE394C752AC40D8700E754E4 /* IntroSwiftUIApp.swift in Sources */ = {isa = PBXBuildFile; fileRef = FE394C742AC40D8700E754E4 /* IntroSwiftUIApp.swift */; };
		FE394C772AC40D8700E754E4 /* ContentView.swift in Sources */ = {isa = PBXBuildFile; fileRef = FE394C762AC40D8700E754E4 /* ContentView.swift */; };
		FE394C792AC40D8800E754E4 /* Assets.xcassets in Resources */ = {isa = PBXBuildFile; fileRef = FE394C782AC40D8800E754E4 /* Assets.xcassets */; };
		FE394C7C2AC40D8800E754E4 /* Preview Assets.xcassets in Resources */ = {isa = PBXBuildFile; fileRef = FE394C7B2AC40D8800E754E4 /* Preview Assets.xcassets */; };
		FE394C862AC40D8800E754E4 /* IntroSwiftUITests.swift in Sources */ = {isa = PBXBuildFile; fileRef = FE394C852AC40D8800E754E4 /* IntroSwiftUITests.swift */; };
		FE394C902AC40D8800E754E4 /* IntroSwiftUIUITests.swift in Sources */ = {isa = PBXBuildFile; fileRef = FE394C8F2AC40D8800E754E4 /* IntroSwiftUIUITests.swift */; };
		FE394C922AC40D8800E754E4 /* IntroSwiftUIUITestsLaunchTests.swift in Sources */ = {isa = PBXBuildFile; fileRef = FE394C912AC40D8800E754E4 /* IntroSwiftUIUITestsLaunchTests.swift */; };
/* End PBXBuildFile section */

/* Begin PBXContainerItemProxy section */
		FE394C822AC40D8800E754E4 /* PBXContainerItemProxy */ = {
			isa = PBXContainerItemProxy;
			containerPortal = FE394C692AC40D8700E754E4 /* Project object */;
			proxyType = 1;
			remoteGlobalIDString = FE394C702AC40D8700E754E4;
			remoteInfo = IntroSwiftUI;
		};
		FE394C8C2AC40D8800E754E4 /* PBXContainerItemProxy */ = {
			isa = PBXContainerItemProxy;
			containerPortal = FE394C692AC40D8700E754E4 /* Project object */;
			proxyType = 1;
			remoteGlobalIDString = FE394C702AC40D8700E754E4;
			remoteInfo = IntroSwiftUI;
		};
/* End PBXContainerItemProxy section */

/* Begin PBXFileReference section */
		FE394C712AC40D8700E754E4 /* IntroSwiftUI.app */ = {isa = PBXFileReference; explicitFileType = wrapper.application; includeInIndex = 0; path = IntroSwiftUI.app; sourceTree = BUILT_PRODUCTS_DIR; };
		FE394C742AC40D8700E754E4 /* IntroSwiftUIApp.swift */ = {isa = PBXFileReference; lastKnownFileType = sourcecode.swift; path = IntroSwiftUIApp.swift; sourceTree = "<group>"; };
		FE394C762AC40D8700E754E4 /* ContentView.swift */ = {isa = PBXFileReference; lastKnownFileType = sourcecode.swift; path = ContentView.swift; sourceTree = "<group>"; };
		FE394C782AC40D8800E754E4 /* Assets.xcassets */ = {isa = PBXFileReference; lastKnownFileType = folder.assetcatalog; path = Assets.xcassets; sourceTree = "<group>"; };
		FE394C7B2AC40D8800E754E4 /* Preview Assets.xcassets */ = {isa = PBXFileReference; lastKnownFileType = folder.assetcatalog; path = "Preview Assets.xcassets"; sourceTree = "<group>"; };
		FE394C812AC40D8800E754E4 /* IntroSwiftUITests.xctest */ = {isa = PBXFileReference; explicitFileType = wrapper.cfbundle; includeInIndex = 0; path = IntroSwiftUITests.xctest; sourceTree = BUILT_PRODUCTS_DIR; };
		FE394C852AC40D8800E754E4 /* IntroSwiftUITests.swift */ = {isa = PBXFileReference; lastKnownFileType = sourcecode.swift; path = IntroSwiftUITests.swift; sourceTree = "<group>"; };
		FE394C8B2AC40D8800E754E4 /* IntroSwiftUIUITests.xctest */ = {isa = PBXFileReference; explicitFileType = wrapper.cfbundle; includeInIndex = 0; path = IntroSwiftUIUITests.xctest; sourceTree = BUILT_PRODUCTS_DIR; };
		FE394C8F2AC40D8800E754E4 /* IntroSwiftUIUITests.swift */ = {isa = PBXFileReference; lastKnownFileType = sourcecode.swift; path = IntroSwiftUIUITests.swift; sourceTree = "<group>"; };
		FE394C912AC40D8800E754E4 /* IntroSwiftUIUITestsLaunchTests.swift */ = {isa = PBXFileReference; lastKnownFileType = sourcecode.swift; path = IntroSwiftUIUITestsLaunchTests.swift; sourceTree = "<group>"; };
/* End PBXFileReference section */

/* Begin PBXFrameworksBuildPhase section */
		FE394C6E2AC40D8700E754E4 /* Frameworks */ = {
			isa = PBXFrameworksBuildPhase;
			buildActionMask = 2147483647;
			files = (
			);
			runOnlyForDeploymentPostprocessing = 0;
		};
		FE394C7E2AC40D8800E754E4 /* Frameworks */ = {
			isa = PBXFrameworksBuildPhase;
			buildActionMask = 2147483647;
			files = (
			);
			runOnlyForDeploymentPostprocessing = 0;
		};
		FE394C882AC40D8800E754E4 /* Frameworks */ = {
			isa = PBXFrameworksBuildPhase;
			buildActionMask = 2147483647;
			files = (
			);
			runOnlyForDeploymentPostprocessing = 0;
		};
/* End PBXFrameworksBuildPhase section */

/* Begin PBXGroup section */
		FE394C682AC40D8700E754E4 = {
			isa = PBXGroup;
			children = (
				FE394C732AC40D8700E754E4 /* IntroSwiftUI */,
				FE394C842AC40D8800E754E4 /* IntroSwiftUITests */,
				FE394C8E2AC40D8800E754E4 /* IntroSwiftUIUITests */,
				FE394C722AC40D8700E754E4 /* Products */,
			);
			sourceTree = "<group>";
		};
		FE394C722AC40D8700E754E4 /* Products */ = {
			isa = PBXGroup;
			children = (
				FE394C712AC40D8700E754E4 /* IntroSwiftUI.app */,
				FE394C812AC40D8800E754E4 /* IntroSwiftUITests.xctest */,
				FE394C8B2AC40D8800E754E4 /* IntroSwiftUIUITests.xctest */,
			);
			name = Products;
			sourceTree = "<group>";
		};
		FE394C732AC40D8700E754E4 /* IntroSwiftUI */ = {
			isa = PBXGroup;
			children = (
				FE394C742AC40D8700E754E4 /* IntroSwiftUIApp.swift */,
				FE394C762AC40D8700E754E4 /* ContentView.swift */,
				FE394C782AC40D8800E754E4 /* Assets.xcassets */,
				FE394C7A2AC40D8800E754E4 /* Preview Content */,
			);
			path = IntroSwiftUI;
			sourceTree = "<group>";
		};
		FE394C7A2AC40D8800E754E4 /* Preview Content */ = {
			isa = PBXGroup;
			children = (
				FE394C7B2AC40D8800E754E4 /* Preview Assets.xcassets */,
			);
			path = "Preview Content";
			sourceTree = "<group>";
		};
		FE394C842AC40D8800E754E4 /* IntroSwiftUITests */ = {
			isa = PBXGroup;
			children = (
				FE394C852AC40D8800E754E4 /* IntroSwiftUITests.swift */,
			);
			path = IntroSwiftUITests;
			sourceTree = "<group>";
		};
		FE394C8E2AC40D8800E754E4 /* IntroSwiftUIUITests */ = {
			isa = PBXGroup;
			children = (
				FE394C8F2AC40D8800E754E4 /* IntroSwiftUIUITests.swift */,
				FE394C912AC40D8800E754E4 /* IntroSwiftUIUITestsLaunchTests.swift */,
			);
			path = IntroSwiftUIUITests;
			sourceTree = "<group>";
		};
/* End PBXGroup section */

/* Begin PBXNativeTarget section */
		FE394C702AC40D8700E754E4 /* IntroSwiftUI */ = {
			isa = PBXNativeTarget;
			buildConfigurationList = FE394C952AC40D8800E754E4 /* Build configuration list for PBXNativeTarget "IntroSwiftUI" */;
			buildPhases = (
				FE394C6D2AC40D8700E754E4 /* Sources */,
				FE394C6E2AC40D8700E754E4 /* Frameworks */,
				FE394C6F2AC40D8700E754E4 /* Resources */,
			);
			buildRules = (
			);
			dependencies = (
			);
			name = IntroSwiftUI;
			productName = IntroSwiftUI;
			productReference = FE394C712AC40D8700E754E4 /* IntroSwiftUI.app */;
			productType = "com.apple.product-type.application";
		};
		FE394C802AC40D8800E754E4 /* IntroSwiftUITests */ = {
			isa = PBXNativeTarget;
			buildConfigurationList = FE394C982AC40D8800E754E4 /* Build configuration list for PBXNativeTarget "IntroSwiftUITests" */;
			buildPhases = (
				FE394C7D2AC40D8800E754E4 /* Sources */,
				FE394C7E2AC40D8800E754E4 /* Frameworks */,
				FE394C7F2AC40D8800E754E4 /* Resources */,
			);
			buildRules = (
			);
			dependencies = (
				FE394C832AC40D8800E754E4 /* PBXTargetDependency */,
			);
			name = IntroSwiftUITests;
			productName = IntroSwiftUITests;
			productReference = FE394C812AC40D8800E754E4 /* IntroSwiftUITests.xctest */;
			productType = "com.apple.product-type.bundle.unit-test";
		};
		FE394C8A2AC40D8800E754E4 /* IntroSwiftUIUITests */ = {
			isa = PBXNativeTarget;
			buildConfigurationList = FE394C9B2AC40D8800E754E4 /* Build configuration list for PBXNativeTarget "IntroSwiftUIUITests" */;
			buildPhases = (
				FE394C872AC40D8800E754E4 /* Sources */,
				FE394C882AC40D8800E754E4 /* Frameworks */,
				FE394C892AC40D8800E754E4 /* Resources */,
			);
			buildRules = (
			);
			dependencies = (
				FE394C8D2AC40D8800E754E4 /* PBXTargetDependency */,
			);
			name = IntroSwiftUIUITests;
			productName = IntroSwiftUIUITests;
			productReference = FE394C8B2AC40D8800E754E4 /* IntroSwiftUIUITests.xctest */;
			productType = "com.apple.product-type.bundle.ui-testing";
		};
/* End PBXNativeTarget section */

/* Begin PBXProject section */
		FE394C692AC40D8700E754E4 /* Project object */ = {
			isa = PBXProject;
			attributes = {
				BuildIndependentTargetsInParallel = 1;
				LastSwiftUpdateCheck = 1430;
				LastUpgradeCheck = 1430;
				TargetAttributes = {
					FE394C702AC40D8700E754E4 = {
						CreatedOnToolsVersion = 14.3.1;
					};
					FE394C802AC40D8800E754E4 = {
						CreatedOnToolsVersion = 14.3.1;
						TestTargetID = FE394C702AC40D8700E754E4;
					};
					FE394C8A2AC40D8800E754E4 = {
						CreatedOnToolsVersion = 14.3.1;
						TestTargetID = FE394C702AC40D8700E754E4;
					};
				};
			};
			buildConfigurationList = FE394C6C2AC40D8700E754E4 /* Build configuration list for PBXProject "IntroSwiftUI" */;
			compatibilityVersion = "Xcode 14.0";
			developmentRegion = en;
			hasScannedForEncodings = 0;
			knownRegions = (
				en,
				Base,
			);
			mainGroup = FE394C682AC40D8700E754E4;
			productRefGroup = FE394C722AC40D8700E754E4 /* Products */;
			projectDirPath = "";
			projectRoot = "";
			targets = (
				FE394C702AC40D8700E754E4 /* IntroSwiftUI */,
				FE394C802AC40D8800E754E4 /* IntroSwiftUITests */,
				FE394C8A2AC40D8800E754E4 /* IntroSwiftUIUITests */,
			);
		};
/* End PBXProject section */

/* Begin PBXResourcesBuildPhase section */
		FE394C6F2AC40D8700E754E4 /* Resources */ = {
			isa = PBXResourcesBuildPhase;
			buildActionMask = 2147483647;
			files = (
				FE394C7C2AC40D8800E754E4 /* Preview Assets.xcassets in Resources */,
				FE394C792AC40D8800E754E4 /* Assets.xcassets in Resources */,
			);
			runOnlyForDeploymentPostprocessing = 0;
		};
		FE394C7F2AC40D8800E754E4 /* Resources */ = {
			isa = PBXResourcesBuildPhase;
			buildActionMask = 2147483647;
			files = (
			);
			runOnlyForDeploymentPostprocessing = 0;
		};
		FE394C892AC40D8800E754E4 /* Resources */ = {
			isa = PBXResourcesBuildPhase;
			buildActionMask = 2147483647;
			files = (
			);
			runOnlyForDeploymentPostprocessing = 0;
		};
/* End PBXResourcesBuildPhase section */

/* Begin PBXSourcesBuildPhase section */
		FE394C6D2AC40D8700E754E4 /* Sources */ = {
			isa = PBXSourcesBuildPhase;
			buildActionMask = 2147483647;
			files = (
				FE394C772AC40D8700E754E4 /* ContentView.swift in Sources */,
				FE394C752AC40D8700E754E4 /* IntroSwiftUIApp.swift in Sources */,
			);
			runOnlyForDeploymentPostprocessing = 0;
		};
		FE394C7D2AC40D8800E754E4 /* Sources */ = {
			isa = PBXSourcesBuildPhase;
			buildActionMask = 2147483647;
			files = (
				FE394C862AC40D8800E754E4 /* IntroSwiftUITests.swift in Sources */,
			);
			runOnlyForDeploymentPostprocessing = 0;
		};
		FE394C872AC40D8800E754E4 /* Sources */ = {
			isa = PBXSourcesBuildPhase;
			buildActionMask = 2147483647;
			files = (
				FE394C902AC40D8800E754E4 /* IntroSwiftUIUITests.swift in Sources */,
				FE394C922AC40D8800E754E4 /* IntroSwiftUIUITestsLaunchTests.swift in Sources */,
			);
			runOnlyForDeploymentPostprocessing = 0;
		};
/* End PBXSourcesBuildPhase section */

/* Begin PBXTargetDependency section */
		FE394C832AC40D8800E754E4 /* PBXTargetDependency */ = {
			isa = PBXTargetDependency;
			target = FE394C702AC40D8700E754E4 /* IntroSwiftUI */;
			targetProxy = FE394C822AC40D8800E754E4 /* PBXContainerItemProxy */;
		};
		FE394C8D2AC40D8800E754E4 /* PBXTargetDependency */ = {
			isa = PBXTargetDependency;
			target = FE394C702AC40D8700E754E4 /* IntroSwiftUI */;
			targetProxy = FE394C8C2AC40D8800E754E4 /* PBXContainerItemProxy */;
		};
/* End PBXTargetDependency section */

/* Begin XCBuildConfiguration section */
		FE394C932AC40D8800E754E4 /* Debug */ = {
			isa = XCBuildConfiguration;
			buildSettings = {
				ALWAYS_SEARCH_USER_PATHS = NO;
				CLANG_ANALYZER_NONNULL = YES;
				CLANG_ANALYZER_NUMBER_OBJECT_CONVERSION = YES_AGGRESSIVE;
				CLANG_CXX_LANGUAGE_STANDARD = "gnu++20";
				CLANG_ENABLE_MODULES = YES;
				CLANG_ENABLE_OBJC_ARC = YES;
				CLANG_ENABLE_OBJC_WEAK = YES;
				CLANG_WARN_BLOCK_CAPTURE_AUTORELEASING = YES;
				CLANG_WARN_BOOL_CONVERSION = YES;
				CLANG_WARN_COMMA = YES;
				CLANG_WARN_CONSTANT_CONVERSION = YES;
				CLANG_WARN_DEPRECATED_OBJC_IMPLEMENTATIONS = YES;
				CLANG_WARN_DIRECT_OBJC_ISA_USAGE = YES_ERROR;
				CLANG_WARN_DOCUMENTATION_COMMENTS = YES;
				CLANG_WARN_EMPTY_BODY = YES;
				CLANG_WARN_ENUM_CONVERSION = YES;
				CLANG_WARN_INFINITE_RECURSION = YES;
				CLANG_WARN_INT_CONVERSION = YES;
				CLANG_WARN_NON_LITERAL_NULL_CONVERSION = YES;
				CLANG_WARN_OBJC_IMPLICIT_RETAIN_SELF = YES;
				CLANG_WARN_OBJC_LITERAL_CONVERSION = YES;
				CLANG_WARN_OBJC_ROOT_CLASS = YES_ERROR;
				CLANG_WARN_QUOTED_INCLUDE_IN_FRAMEWORK_HEADER = YES;
				CLANG_WARN_RANGE_LOOP_ANALYSIS = YES;
				CLANG_WARN_STRICT_PROTOTYPES = YES;
				CLANG_WARN_SUSPICIOUS_MOVE = YES;
				CLANG_WARN_UNGUARDED_AVAILABILITY = YES_AGGRESSIVE;
				CLANG_WARN_UNREACHABLE_CODE = YES;
				CLANG_WARN__DUPLICATE_METHOD_MATCH = YES;
				COPY_PHASE_STRIP = NO;
				DEBUG_INFORMATION_FORMAT = dwarf;
				ENABLE_STRICT_OBJC_MSGSEND = YES;
				ENABLE_TESTABILITY = YES;
				GCC_C_LANGUAGE_STANDARD = gnu11;
				GCC_DYNAMIC_NO_PIC = NO;
				GCC_NO_COMMON_BLOCKS = YES;
				GCC_OPTIMIZATION_LEVEL = 0;
				GCC_PREPROCESSOR_DEFINITIONS = (
					"DEBUG=1",
					"$(inherited)",
				);
				GCC_WARN_64_TO_32_BIT_CONVERSION = YES;
				GCC_WARN_ABOUT_RETURN_TYPE = YES_ERROR;
				GCC_WARN_UNDECLARED_SELECTOR = YES;
				GCC_WARN_UNINITIALIZED_AUTOS = YES_AGGRESSIVE;
				GCC_WARN_UNUSED_FUNCTION = YES;
				GCC_WARN_UNUSED_VARIABLE = YES;
				IPHONEOS_DEPLOYMENT_TARGET = 16.4;
				MTL_ENABLE_DEBUG_INFO = INCLUDE_SOURCE;
				MTL_FAST_MATH = YES;
				ONLY_ACTIVE_ARCH = YES;
				SDKROOT = iphoneos;
				SWIFT_ACTIVE_COMPILATION_CONDITIONS = DEBUG;
				SWIFT_OPTIMIZATION_LEVEL = "-Onone";
			};
			name = Debug;
		};
		FE394C942AC40D8800E754E4 /* Release */ = {
			isa = XCBuildConfiguration;
			buildSettings = {
				ALWAYS_SEARCH_USER_PATHS = NO;
				CLANG_ANALYZER_NONNULL = YES;
				CLANG_ANALYZER_NUMBER_OBJECT_CONVERSION = YES_AGGRESSIVE;
				CLANG_CXX_LANGUAGE_STANDARD = "gnu++20";
				CLANG_ENABLE_MODULES = YES;
				CLANG_ENABLE_OBJC_ARC = YES;
				CLANG_ENABLE_OBJC_WEAK = YES;
				CLANG_WARN_BLOCK_CAPTURE_AUTORELEASING = YES;
				CLANG_WARN_BOOL_CONVERSION = YES;
				CLANG_WARN_COMMA = YES;
				CLANG_WARN_CONSTANT_CONVERSION = YES;
				CLANG_WARN_DEPRECATED_OBJC_IMPLEMENTATIONS = YES;
				CLANG_WARN_DIRECT_OBJC_ISA_USAGE = YES_ERROR;
				CLANG_WARN_DOCUMENTATION_COMMENTS = YES;
				CLANG_WARN_EMPTY_BODY = YES;
				CLANG_WARN_ENUM_CONVERSION = YES;
				CLANG_WARN_INFINITE_RECURSION = YES;
				CLANG_WARN_INT_CONVERSION = YES;
				CLANG_WARN_NON_LITERAL_NULL_CONVERSION = YES;
				CLANG_WARN_OBJC_IMPLICIT_RETAIN_SELF = YES;
				CLANG_WARN_OBJC_LITERAL_CONVERSION = YES;
				CLANG_WARN_OBJC_ROOT_CLASS = YES_ERROR;
				CLANG_WARN_QUOTED_INCLUDE_IN_FRAMEWORK_HEADER = YES;
				CLANG_WARN_RANGE_LOOP_ANALYSIS = YES;
				CLANG_WARN_STRICT_PROTOTYPES = YES;
				CLANG_WARN_SUSPICIOUS_MOVE = YES;
				CLANG_WARN_UNGUARDED_AVAILABILITY = YES_AGGRESSIVE;
				CLANG_WARN_UNREACHABLE_CODE = YES;
				CLANG_WARN__DUPLICATE_METHOD_MATCH = YES;
				COPY_PHASE_STRIP = NO;
				DEBUG_INFORMATION_FORMAT = "dwarf-with-dsym";
				ENABLE_NS_ASSERTIONS = NO;
				ENABLE_STRICT_OBJC_MSGSEND = YES;
				GCC_C_LANGUAGE_STANDARD = gnu11;
				GCC_NO_COMMON_BLOCKS = YES;
				GCC_WARN_64_TO_32_BIT_CONVERSION = YES;
				GCC_WARN_ABOUT_RETURN_TYPE = YES_ERROR;
				GCC_WARN_UNDECLARED_SELECTOR = YES;
				GCC_WARN_UNINITIALIZED_AUTOS = YES_AGGRESSIVE;
				GCC_WARN_UNUSED_FUNCTION = YES;
				GCC_WARN_UNUSED_VARIABLE = YES;
				IPHONEOS_DEPLOYMENT_TARGET = 16.4;
				MTL_ENABLE_DEBUG_INFO = NO;
				MTL_FAST_MATH = YES;
				SDKROOT = iphoneos;
				SWIFT_COMPILATION_MODE = wholemodule;
				SWIFT_OPTIMIZATION_LEVEL = "-O";
				VALIDATE_PRODUCT = YES;
			};
			name = Release;
		};
		FE394C962AC40D8800E754E4 /* Debug */ = {
			isa = XCBuildConfiguration;
			buildSettings = {
				ASSETCATALOG_COMPILER_APPICON_NAME = AppIcon;
				ASSETCATALOG_COMPILER_GLOBAL_ACCENT_COLOR_NAME = AccentColor;
				CODE_SIGN_STYLE = Automatic;
				CURRENT_PROJECT_VERSION = 1;
				DEVELOPMENT_ASSET_PATHS = "\"IntroSwiftUI/Preview Content\"";
				ENABLE_PREVIEWS = YES;
				GENERATE_INFOPLIST_FILE = YES;
				INFOPLIST_KEY_UIApplicationSceneManifest_Generation = YES;
				INFOPLIST_KEY_UIApplicationSupportsIndirectInputEvents = YES;
				INFOPLIST_KEY_UILaunchScreen_Generation = YES;
				INFOPLIST_KEY_UISupportedInterfaceOrientations_iPad = "UIInterfaceOrientationPortrait UIInterfaceOrientationPortraitUpsideDown UIInterfaceOrientationLandscapeLeft UIInterfaceOrientationLandscapeRight";
				INFOPLIST_KEY_UISupportedInterfaceOrientations_iPhone = "UIInterfaceOrientationPortrait UIInterfaceOrientationLandscapeLeft UIInterfaceOrientationLandscapeRight";
				LD_RUNPATH_SEARCH_PATHS = (
					"$(inherited)",
					"@executable_path/Frameworks",
				);
				MARKETING_VERSION = 1.0;
				PRODUCT_BUNDLE_IDENTIFIER = com.taokyone.IntroSwiftUI;
				PRODUCT_NAME = "$(TARGET_NAME)";
				SWIFT_EMIT_LOC_STRINGS = YES;
				SWIFT_VERSION = 5.0;
				TARGETED_DEVICE_FAMILY = "1,2";
			};
			name = Debug;
		};
		FE394C972AC40D8800E754E4 /* Release */ = {
			isa = XCBuildConfiguration;
			buildSettings = {
				ASSETCATALOG_COMPILER_APPICON_NAME = AppIcon;
				ASSETCATALOG_COMPILER_GLOBAL_ACCENT_COLOR_NAME = AccentColor;
				CODE_SIGN_STYLE = Automatic;
				CURRENT_PROJECT_VERSION = 1;
				DEVELOPMENT_ASSET_PATHS = "\"IntroSwiftUI/Preview Content\"";
				ENABLE_PREVIEWS = YES;
				GENERATE_INFOPLIST_FILE = YES;
				INFOPLIST_KEY_UIApplicationSceneManifest_Generation = YES;
				INFOPLIST_KEY_UIApplicationSupportsIndirectInputEvents = YES;
				INFOPLIST_KEY_UILaunchScreen_Generation = YES;
				INFOPLIST_KEY_UISupportedInterfaceOrientations_iPad = "UIInterfaceOrientationPortrait UIInterfaceOrientationPortraitUpsideDown UIInterfaceOrientationLandscapeLeft UIInterfaceOrientationLandscapeRight";
				INFOPLIST_KEY_UISupportedInterfaceOrientations_iPhone = "UIInterfaceOrientationPortrait UIInterfaceOrientationLandscapeLeft UIInterfaceOrientationLandscapeRight";
				LD_RUNPATH_SEARCH_PATHS = (
					"$(inherited)",
					"@executable_path/Frameworks",
				);
				MARKETING_VERSION = 1.0;
				PRODUCT_BUNDLE_IDENTIFIER = com.taokyone.IntroSwiftUI;
				PRODUCT_NAME = "$(TARGET_NAME)";
				SWIFT_EMIT_LOC_STRINGS = YES;
				SWIFT_VERSION = 5.0;
				TARGETED_DEVICE_FAMILY = "1,2";
			};
			name = Release;
		};
		FE394C992AC40D8800E754E4 /* Debug */ = {
			isa = XCBuildConfiguration;
			buildSettings = {
				ALWAYS_EMBED_SWIFT_STANDARD_LIBRARIES = YES;
				BUNDLE_LOADER = "$(TEST_HOST)";
				CODE_SIGN_STYLE = Automatic;
				CURRENT_PROJECT_VERSION = 1;
				GENERATE_INFOPLIST_FILE = YES;
				IPHONEOS_DEPLOYMENT_TARGET = 16.4;
				MARKETING_VERSION = 1.0;
				PRODUCT_BUNDLE_IDENTIFIER = com.taokyone.IntroSwiftUITests;
				PRODUCT_NAME = "$(TARGET_NAME)";
				SWIFT_EMIT_LOC_STRINGS = NO;
				SWIFT_VERSION = 5.0;
				TARGETED_DEVICE_FAMILY = "1,2";
				TEST_HOST = "$(BUILT_PRODUCTS_DIR)/IntroSwiftUI.app/$(BUNDLE_EXECUTABLE_FOLDER_PATH)/IntroSwiftUI";
			};
			name = Debug;
		};
		FE394C9A2AC40D8800E754E4 /* Release */ = {
			isa = XCBuildConfiguration;
			buildSettings = {
				ALWAYS_EMBED_SWIFT_STANDARD_LIBRARIES = YES;
				BUNDLE_LOADER = "$(TEST_HOST)";
				CODE_SIGN_STYLE = Automatic;
				CURRENT_PROJECT_VERSION = 1;
				GENERATE_INFOPLIST_FILE = YES;
				IPHONEOS_DEPLOYMENT_TARGET = 16.4;
				MARKETING_VERSION = 1.0;
				PRODUCT_BUNDLE_IDENTIFIER = com.taokyone.IntroSwiftUITests;
				PRODUCT_NAME = "$(TARGET_NAME)";
				SWIFT_EMIT_LOC_STRINGS = NO;
				SWIFT_VERSION = 5.0;
				TARGETED_DEVICE_FAMILY = "1,2";
				TEST_HOST = "$(BUILT_PRODUCTS_DIR)/IntroSwiftUI.app/$(BUNDLE_EXECUTABLE_FOLDER_PATH)/IntroSwiftUI";
			};
			name = Release;
		};
		FE394C9C2AC40D8800E754E4 /* Debug */ = {
			isa = XCBuildConfiguration;
			buildSettings = {
				ALWAYS_EMBED_SWIFT_STANDARD_LIBRARIES = YES;
				CODE_SIGN_STYLE = Automatic;
				CURRENT_PROJECT_VERSION = 1;
				GENERATE_INFOPLIST_FILE = YES;
				MARKETING_VERSION = 1.0;
				PRODUCT_BUNDLE_IDENTIFIER = com.taokyone.IntroSwiftUIUITests;
				PRODUCT_NAME = "$(TARGET_NAME)";
				SWIFT_EMIT_LOC_STRINGS = NO;
				SWIFT_VERSION = 5.0;
				TARGETED_DEVICE_FAMILY = "1,2";
				TEST_TARGET_NAME = IntroSwiftUI;
			};
			name = Debug;
		};
		FE394C9D2AC40D8800E754E4 /* Release */ = {
			isa = XCBuildConfiguration;
			buildSettings = {
				ALWAYS_EMBED_SWIFT_STANDARD_LIBRARIES = YES;
				CODE_SIGN_STYLE = Automatic;
				CURRENT_PROJECT_VERSION = 1;
				GENERATE_INFOPLIST_FILE = YES;
				MARKETING_VERSION = 1.0;
				PRODUCT_BUNDLE_IDENTIFIER = com.taokyone.IntroSwiftUIUITests;
				PRODUCT_NAME = "$(TARGET_NAME)";
				SWIFT_EMIT_LOC_STRINGS = NO;
				SWIFT_VERSION = 5.0;
				TARGETED_DEVICE_FAMILY = "1,2";
				TEST_TARGET_NAME = IntroSwiftUI;
			};
			name = Release;
		};
/* End XCBuildConfiguration section */

/* Begin XCConfigurationList section */
		FE394C6C2AC40D8700E754E4 /* Build configuration list for PBXProject "IntroSwiftUI" */ = {
			isa = XCConfigurationList;
			buildConfigurations = (
				FE394C932AC40D8800E754E4 /* Debug */,
				FE394C942AC40D8800E754E4 /* Release */,
			);
			defaultConfigurationIsVisible = 0;
			defaultConfigurationName = Release;
		};
		FE394C952AC40D8800E754E4 /* Build configuration list for PBXNativeTarget "IntroSwiftUI" */ = {
			isa = XCConfigurationList;
			buildConfigurations = (
				FE394C962AC40D8800E754E4 /* Debug */,
				FE394C972AC40D8800E754E4 /* Release */,
			);
			defaultConfigurationIsVisible = 0;
			defaultConfigurationName = Release;
		};
		FE394C982AC40D8800E754E4 /* Build configuration list for PBXNativeTarget "IntroSwiftUITests" */ = {
			isa = XCConfigurationList;
			buildConfigurations = (
				FE394C992AC40D8800E754E4 /* Debug */,
				FE394C9A2AC40D8800E754E4 /* Release */,
			);
			defaultConfigurationIsVisible = 0;
			defaultConfigurationName = Release;
		};
		FE394C9B2AC40D8800E754E4 /* Build configuration list for PBXNativeTarget "IntroSwiftUIUITests" */ = {
			isa = XCConfigurationList;
			buildConfigurations = (
				FE394C9C2AC40D8800E754E4 /* Debug */,
				FE394C9D2AC40D8800E754E4 /* Release */,
			);
			defaultConfigurationIsVisible = 0;
			defaultConfigurationName = Release;
		};
/* End XCConfigurationList section */
	};
	rootObject = FE394C692AC40D8700E754E4 /* Project object */;
}
